
Microsoft Visual Studio Solution File, Format Version 12.00
# Visual Studio Version 16
VisualStudioVersion = 16.0.31727.386
MinimumVisualStudioVersion = 10.0.40219.1
Project("{FAE04EC0-301F-11D3-BF4B-00C04F79EFBC}") = "MilestoneExam.WebApi", "MilestoneExam.WebApi\MilestoneExam.WebApi.csproj", "{B929B1C0-FBD1-44B7-801E-5F093E0F6DA8}"
EndProject
Project("{FAE04EC0-301F-11D3-BF4B-00C04F79EFBC}") = "MilestoneExam.Data", "MilestoneExam.Data\MilestoneExam.Data.csproj", "{E5DAAE85-ECD5-40D4-87CB-521F5403BCAE}"
EndProject
Project("{FAE04EC0-301F-11D3-BF4B-00C04F79EFBC}") = "MilestoneExam.Common", "Common\MilestoneExam.Common.csproj", "{54631501-79BB-4632-B410-5A742435A89D}"
EndProject
Project("{FAE04EC0-301F-11D3-BF4B-00C04F79EFBC}") = "MilestoneExam.Services", "MilestoneExam.Services\MilestoneExam.Services.csproj", "{DBADCF6B-1151-41C7-A396-ECD767DB0BA6}"
EndProject
Global
	GlobalSection(SolutionConfigurationPlatforms) = preSolution
		Debug|Any CPU = Debug|Any CPU
		Release|Any CPU = Release|Any CPU
	EndGlobalSection
	GlobalSection(ProjectConfigurationPlatforms) = postSolution
		{B929B1C0-FBD1-44B7-801E-5F093E0F6DA8}.Debug|Any CPU.ActiveCfg = Debug|Any CPU
		{B929B1C0-FBD1-44B7-801E-5F093E0F6DA8}.Debug|Any CPU.Build.0 = Debug|Any CPU
		{B929B1C0-FBD1-44B7-801E-5F093E0F6DA8}.Release|Any CPU.ActiveCfg = Release|Any CPU
		{B929B1C0-FBD1-44B7-801E-5F093E0F6DA8}.Release|Any CPU.Build.0 = Release|Any CPU
		{E5DAAE85-ECD5-40D4-87CB-521F5403BCAE}.Debug|Any CPU.ActiveCfg = Debug|Any CPU
		{E5DAAE85-ECD5-40D4-87CB-521F5403BCAE}.Debug|Any CPU.Build.0 = Debug|Any CPU
		{E5DAAE85-ECD5-40D4-87CB-521F5403BCAE}.Release|Any CPU.ActiveCfg = Release|Any CPU
		{E5DAAE85-ECD5-40D4-87CB-521F5403BCAE}.Release|Any CPU.Build.0 = Release|Any CPU
		{54631501-79BB-4632-B410-5A742435A89D}.Debug|Any CPU.ActiveCfg = Debug|Any CPU
		{54631501-79BB-4632-B410-5A742435A89D}.Debug|Any CPU.Build.0 = Debug|Any CPU
		{54631501-79BB-4632-B410-5A742435A89D}.Release|Any CPU.ActiveCfg = Release|Any CPU
		{54631501-79BB-4632-B410-5A742435A89D}.Release|Any CPU.Build.0 = Release|Any CPU
		{DBADCF6B-1151-41C7-A396-ECD767DB0BA6}.Debug|Any CPU.ActiveCfg = Debug|Any CPU
		{DBADCF6B-1151-41C7-A396-ECD767DB0BA6}.Debug|Any CPU.Build.0 = Debug|Any CPU
		{DBADCF6B-1151-41C7-A396-ECD767DB0BA6}.Release|Any CPU.ActiveCfg = Release|Any CPU
		{DBADCF6B-1151-41C7-A396-ECD767DB0BA6}.Release|Any CPU.Build.0 = Release|Any CPU
	EndGlobalSection
	GlobalSection(SolutionProperties) = preSolution
		HideSolutionNode = FALSE
	EndGlobalSection
	GlobalSection(ExtensibilityGlobals) = postSolution
		SolutionGuid = {1C8F18AD-F25A-47CB-9FC1-489CAE302A68}
	EndGlobalSection
EndGlobal
